
Microsoft Visual Studio Solution File, Format Version 12.00
# Visual Studio 15
Project("{FAE04EC0-301F-11D3-BF4B-00C04F79EFBC}") = "Assembly-CSharp-firstpass", "Assembly-CSharp-firstpass.csproj", "{6AE5C5B9-5D66-19F6-8994-B8F9D0966BC9}"
EndProject
Project("{FAE04EC0-301F-11D3-BF4B-00C04F79EFBC}") = "Assembly-CSharp", "Assembly-CSharp.csproj", "{345D1C95-9730-D745-7ABA-5C53ACF279F2}"
EndProject
Project("{FAE04EC0-301F-11D3-BF4B-00C04F79EFBC}") = "Assembly-CSharp-Editor", "Assembly-CSharp-Editor.csproj", "{2683AE2B-2D98-0D98-5D6A-930472A63784}"
EndProject
Project("{FAE04EC0-301F-11D3-BF4B-00C04F79EFBC}") = "Assembly-CSharp-Editor-firstpass", "Assembly-CSharp-Editor-firstpass.csproj", "{34D36CB8-4FD8-1487-0301-C5E7BB7E7DC3}"
EndProject
Global
	GlobalSection(SolutionConfigurationPlatforms) = preSolution
		Debug|Any CPU = Debug|Any CPU
		Release|Any CPU = Release|Any CPU
	EndGlobalSection
	GlobalSection(ProjectConfigurationPlatforms) = postSolution
		{6AE5C5B9-5D66-19F6-8994-B8F9D0966BC9}.Debug|Any CPU.ActiveCfg = Debug|Any CPU
		{6AE5C5B9-5D66-19F6-8994-B8F9D0966BC9}.Debug|Any CPU.Build.0 = Debug|Any CPU
		{6AE5C5B9-5D66-19F6-8994-B8F9D0966BC9}.Release|Any CPU.ActiveCfg = Release|Any CPU
		{6AE5C5B9-5D66-19F6-8994-B8F9D0966BC9}.Release|Any CPU.Build.0 = Release|Any CPU
		{345D1C95-9730-D745-7ABA-5C53ACF279F2}.Debug|Any CPU.ActiveCfg = Debug|Any CPU
		{345D1C95-9730-D745-7ABA-5C53ACF279F2}.Debug|Any CPU.Build.0 = Debug|Any CPU
		{345D1C95-9730-D745-7ABA-5C53ACF279F2}.Release|Any CPU.ActiveCfg = Release|Any CPU
		{345D1C95-9730-D745-7ABA-5C53ACF279F2}.Release|Any CPU.Build.0 = Release|Any CPU
		{2683AE2B-2D98-0D98-5D6A-930472A63784}.Debug|Any CPU.ActiveCfg = Debug|Any CPU
		{2683AE2B-2D98-0D98-5D6A-930472A63784}.Debug|Any CPU.Build.0 = Debug|Any CPU
		{2683AE2B-2D98-0D98-5D6A-930472A63784}.Release|Any CPU.ActiveCfg = Release|Any CPU
		{2683AE2B-2D98-0D98-5D6A-930472A63784}.Release|Any CPU.Build.0 = Release|Any CPU
		{34D36CB8-4FD8-1487-0301-C5E7BB7E7DC3}.Debug|Any CPU.ActiveCfg = Debug|Any CPU
		{34D36CB8-4FD8-1487-0301-C5E7BB7E7DC3}.Debug|Any CPU.Build.0 = Debug|Any CPU
		{34D36CB8-4FD8-1487-0301-C5E7BB7E7DC3}.Release|Any CPU.ActiveCfg = Release|Any CPU
		{34D36CB8-4FD8-1487-0301-C5E7BB7E7DC3}.Release|Any CPU.Build.0 = Release|Any CPU
	EndGlobalSection
	GlobalSection(SolutionProperties) = preSolution
		HideSolutionNode = FALSE
	EndGlobalSection
EndGlobal
